// !$*UTF8*$!
{
	archiveVersion = 1;
	classes = {
	};
	objectVersion = 48;
	objects = {

/* Begin PBXBuildFile section */
		92012BB31FECF78C0001DDD2 /* AppDelegate.swift in Sources */ = {isa = PBXBuildFile; fileRef = 92012BB21FECF78C0001DDD2 /* AppDelegate.swift */; };
		92012BB51FECF78C0001DDD2 /* ViewController.swift in Sources */ = {isa = PBXBuildFile; fileRef = 92012BB41FECF78C0001DDD2 /* ViewController.swift */; };
		92012BB81FECF78C0001DDD2 /* Main.storyboard in Resources */ = {isa = PBXBuildFile; fileRef = 92012BB61FECF78C0001DDD2 /* Main.storyboard */; };
		92012BBA1FECF78C0001DDD2 /* Assets.xcassets in Resources */ = {isa = PBXBuildFile; fileRef = 92012BB91FECF78C0001DDD2 /* Assets.xcassets */; };
		92012BBD1FECF78C0001DDD2 /* LaunchScreen.storyboard in Resources */ = {isa = PBXBuildFile; fileRef = 92012BBB1FECF78C0001DDD2 /* LaunchScreen.storyboard */; };
		92012BC81FECF78C0001DDD2 /* DemoTests.swift in Sources */ = {isa = PBXBuildFile; fileRef = 92012BC71FECF78C0001DDD2 /* DemoTests.swift */; };
		92012BD31FECF78C0001DDD2 /* DemoUITests.swift in Sources */ = {isa = PBXBuildFile; fileRef = 92012BD21FECF78C0001DDD2 /* DemoUITests.swift */; };
		92012BF61FECFBAB0001DDD2 /* DemoPopupCell.swift in Sources */ = {isa = PBXBuildFile; fileRef = 92012BF51FECFBAB0001DDD2 /* DemoPopupCell.swift */; };
		92012BFA1FECFBB70001DDD2 /* UIColor+Background.swift in Sources */ = {isa = PBXBuildFile; fileRef = 92012BF81FECFBB70001DDD2 /* UIColor+Background.swift */; };
		92012BFB1FECFBB70001DDD2 /* UIView+Shadow.swift in Sources */ = {isa = PBXBuildFile; fileRef = 92012BF91FECFBB70001DDD2 /* UIView+Shadow.swift */; };
		92012C001FECFBD60001DDD2 /* DemoPopupView.swift in Sources */ = {isa = PBXBuildFile; fileRef = 92012BFD1FECFBD60001DDD2 /* DemoPopupView.swift */; };
		92012C011FECFBD60001DDD2 /* DemoPopupView.xib in Resources */ = {isa = PBXBuildFile; fileRef = 92012BFE1FECFBD60001DDD2 /* DemoPopupView.xib */; };
		92012C021FECFBD60001DDD2 /* PopupViewController.swift in Sources */ = {isa = PBXBuildFile; fileRef = 92012BFF1FECFBD60001DDD2 /* PopupViewController.swift */; };
		92012C071FECFBDF0001DDD2 /* DemoToastView.swift in Sources */ = {isa = PBXBuildFile; fileRef = 92012C041FECFBDF0001DDD2 /* DemoToastView.swift */; };
		92012C081FECFBDF0001DDD2 /* DemoToastView.xib in Resources */ = {isa = PBXBuildFile; fileRef = 92012C051FECFBDF0001DDD2 /* DemoToastView.xib */; };
		92012C091FECFBDF0001DDD2 /* ToastViewController.swift in Sources */ = {isa = PBXBuildFile; fileRef = 92012C061FECFBDF0001DDD2 /* ToastViewController.swift */; };
		92012C0B1FECFBF00001DDD2 /* Nibable.swift in Sources */ = {isa = PBXBuildFile; fileRef = 92012C0A1FECFBF00001DDD2 /* Nibable.swift */; };
		9BF86F30C612FF4E954483CA /* Pods_Demo.framework in Frameworks */ = {isa = PBXBuildFile; fileRef = E632FE01ABF27D45343426A6 /* Pods_Demo.framework */; };
/* End PBXBuildFile section */

/* Begin PBXContainerItemProxy section */
		92012BC41FECF78C0001DDD2 /* PBXContainerItemProxy */ = {
			isa = PBXContainerItemProxy;
			containerPortal = 92012BA71FECF78C0001DDD2 /* Project object */;
			proxyType = 1;
			remoteGlobalIDString = 92012BAE1FECF78C0001DDD2;
			remoteInfo = Demo;
		};
		92012BCF1FECF78C0001DDD2 /* PBXContainerItemProxy */ = {
			isa = PBXContainerItemProxy;
			containerPortal = 92012BA71FECF78C0001DDD2 /* Project object */;
			proxyType = 1;
			remoteGlobalIDString = 92012BAE1FECF78C0001DDD2;
			remoteInfo = Demo;
		};
/* End PBXContainerItemProxy section */

/* Begin PBXFileReference section */
		78DC8585E60F58E94A110E6E /* Pods-Demo.debug.xcconfig */ = {isa = PBXFileReference; includeInIndex = 1; lastKnownFileType = text.xcconfig; name = "Pods-Demo.debug.xcconfig"; path = "Pods/Target Support Files/Pods-Demo/Pods-Demo.debug.xcconfig"; sourceTree = "<group>"; };
		92012BAF1FECF78C0001DDD2 /* Demo.app */ = {isa = PBXFileReference; explicitFileType = wrapper.application; includeInIndex = 0; path = Demo.app; sourceTree = BUILT_PRODUCTS_DIR; };
		92012BB21FECF78C0001DDD2 /* AppDelegate.swift */ = {isa = PBXFileReference; lastKnownFileType = sourcecode.swift; path = AppDelegate.swift; sourceTree = "<group>"; };
		92012BB41FECF78C0001DDD2 /* ViewController.swift */ = {isa = PBXFileReference; lastKnownFileType = sourcecode.swift; path = ViewController.swift; sourceTree = "<group>"; };
		92012BB71FECF78C0001DDD2 /* Base */ = {isa = PBXFileReference; lastKnownFileType = file.storyboard; name = Base; path = Base.lproj/Main.storyboard; sourceTree = "<group>"; };
		92012BB91FECF78C0001DDD2 /* Assets.xcassets */ = {isa = PBXFileReference; lastKnownFileType = folder.assetcatalog; path = Assets.xcassets; sourceTree = "<group>"; };
		92012BBC1FECF78C0001DDD2 /* Base */ = {isa = PBXFileReference; lastKnownFileType = file.storyboard; name = Base; path = Base.lproj/LaunchScreen.storyboard; sourceTree = "<group>"; };
		92012BBE1FECF78C0001DDD2 /* Info.plist */ = {isa = PBXFileReference; lastKnownFileType = text.plist.xml; path = Info.plist; sourceTree = "<group>"; };
		92012BC31FECF78C0001DDD2 /* DemoTests.xctest */ = {isa = PBXFileReference; explicitFileType = wrapper.cfbundle; includeInIndex = 0; path = DemoTests.xctest; sourceTree = BUILT_PRODUCTS_DIR; };
		92012BC71FECF78C0001DDD2 /* DemoTests.swift */ = {isa = PBXFileReference; lastKnownFileType = sourcecode.swift; path = DemoTests.swift; sourceTree = "<group>"; };
		92012BC91FECF78C0001DDD2 /* Info.plist */ = {isa = PBXFileReference; lastKnownFileType = text.plist.xml; path = Info.plist; sourceTree = "<group>"; };
		92012BCE1FECF78C0001DDD2 /* DemoUITests.xctest */ = {isa = PBXFileReference; explicitFileType = wrapper.cfbundle; includeInIndex = 0; path = DemoUITests.xctest; sourceTree = BUILT_PRODUCTS_DIR; };
		92012BD21FECF78C0001DDD2 /* DemoUITests.swift */ = {isa = PBXFileReference; lastKnownFileType = sourcecode.swift; path = DemoUITests.swift; sourceTree = "<group>"; };
		92012BD41FECF78C0001DDD2 /* Info.plist */ = {isa = PBXFileReference; lastKnownFileType = text.plist.xml; path = Info.plist; sourceTree = "<group>"; };
		92012BF51FECFBAB0001DDD2 /* DemoPopupCell.swift */ = {isa = PBXFileReference; fileEncoding = 4; lastKnownFileType = sourcecode.swift; path = DemoPopupCell.swift; sourceTree = "<group>"; };
		92012BF81FECFBB70001DDD2 /* UIColor+Background.swift */ = {isa = PBXFileReference; fileEncoding = 4; lastKnownFileType = sourcecode.swift; path = "UIColor+Background.swift"; sourceTree = "<group>"; };
		92012BF91FECFBB70001DDD2 /* UIView+Shadow.swift */ = {isa = PBXFileReference; fileEncoding = 4; lastKnownFileType = sourcecode.swift; path = "UIView+Shadow.swift"; sourceTree = "<group>"; };
		92012BFD1FECFBD60001DDD2 /* DemoPopupView.swift */ = {isa = PBXFileReference; fileEncoding = 4; lastKnownFileType = sourcecode.swift; path = DemoPopupView.swift; sourceTree = "<group>"; };
		92012BFE1FECFBD60001DDD2 /* DemoPopupView.xib */ = {isa = PBXFileReference; fileEncoding = 4; lastKnownFileType = file.xib; path = DemoPopupView.xib; sourceTree = "<group>"; };
		92012BFF1FECFBD60001DDD2 /* PopupViewController.swift */ = {isa = PBXFileReference; fileEncoding = 4; lastKnownFileType = sourcecode.swift; path = PopupViewController.swift; sourceTree = "<group>"; };
		92012C041FECFBDF0001DDD2 /* DemoToastView.swift */ = {isa = PBXFileReference; fileEncoding = 4; lastKnownFileType = sourcecode.swift; path = DemoToastView.swift; sourceTree = "<group>"; };
		92012C051FECFBDF0001DDD2 /* DemoToastView.xib */ = {isa = PBXFileReference; fileEncoding = 4; lastKnownFileType = file.xib; path = DemoToastView.xib; sourceTree = "<group>"; };
		92012C061FECFBDF0001DDD2 /* ToastViewController.swift */ = {isa = PBXFileReference; fileEncoding = 4; lastKnownFileType = sourcecode.swift; path = ToastViewController.swift; sourceTree = "<group>"; };
		92012C0A1FECFBF00001DDD2 /* Nibable.swift */ = {isa = PBXFileReference; fileEncoding = 4; lastKnownFileType = sourcecode.swift; path = Nibable.swift; sourceTree = "<group>"; };
		E632FE01ABF27D45343426A6 /* Pods_Demo.framework */ = {isa = PBXFileReference; explicitFileType = wrapper.framework; includeInIndex = 0; path = Pods_Demo.framework; sourceTree = BUILT_PRODUCTS_DIR; };
		EF0498A09B261C3611840301 /* Pods-Demo.release.xcconfig */ = {isa = PBXFileReference; includeInIndex = 1; lastKnownFileType = text.xcconfig; name = "Pods-Demo.release.xcconfig"; path = "Pods/Target Support Files/Pods-Demo/Pods-Demo.release.xcconfig"; sourceTree = "<group>"; };
/* End PBXFileReference section */

/* Begin PBXFrameworksBuildPhase section */
		92012BAC1FECF78C0001DDD2 /* Frameworks */ = {
			isa = PBXFrameworksBuildPhase;
			buildActionMask = 2147483647;
			files = (
				9BF86F30C612FF4E954483CA /* Pods_Demo.framework in Frameworks */,
			);
			runOnlyForDeploymentPostprocessing = 0;
		};
		92012BC01FECF78C0001DDD2 /* Frameworks */ = {
			isa = PBXFrameworksBuildPhase;
			buildActionMask = 2147483647;
			files = (
			);
			runOnlyForDeploymentPostprocessing = 0;
		};
		92012BCB1FECF78C0001DDD2 /* Frameworks */ = {
			isa = PBXFrameworksBuildPhase;
			buildActionMask = 2147483647;
			files = (
			);
			runOnlyForDeploymentPostprocessing = 0;
		};
/* End PBXFrameworksBuildPhase section */

/* Begin PBXGroup section */
		28F43D2FCB30C16F005CE10D /* Frameworks */ = {
			isa = PBXGroup;
			children = (
				E632FE01ABF27D45343426A6 /* Pods_Demo.framework */,
			);
			name = Frameworks;
			sourceTree = "<group>";
		};
		92012BA61FECF78C0001DDD2 = {
			isa = PBXGroup;
			children = (
				92012BB11FECF78C0001DDD2 /* Demo */,
				92012BC61FECF78C0001DDD2 /* DemoTests */,
				92012BD11FECF78C0001DDD2 /* DemoUITests */,
				92012BB01FECF78C0001DDD2 /* Products */,
				B4B38E5800F3F52E9FB90378 /* Pods */,
				28F43D2FCB30C16F005CE10D /* Frameworks */,
			);
			sourceTree = "<group>";
		};
		92012BB01FECF78C0001DDD2 /* Products */ = {
			isa = PBXGroup;
			children = (
				92012BAF1FECF78C0001DDD2 /* Demo.app */,
				92012BC31FECF78C0001DDD2 /* DemoTests.xctest */,
				92012BCE1FECF78C0001DDD2 /* DemoUITests.xctest */,
			);
			name = Products;
			sourceTree = "<group>";
		};
		92012BB11FECF78C0001DDD2 /* Demo */ = {
			isa = PBXGroup;
			children = (
				92012BB21FECF78C0001DDD2 /* AppDelegate.swift */,
				92012C0A1FECFBF00001DDD2 /* Nibable.swift */,
				92012BB41FECF78C0001DDD2 /* ViewController.swift */,
				92012BF51FECFBAB0001DDD2 /* DemoPopupCell.swift */,
				92012BF71FECFBB70001DDD2 /* Extension */,
				92012BFC1FECFBD60001DDD2 /* Popup */,
				92012C031FECFBDF0001DDD2 /* Toast */,
				92012BB61FECF78C0001DDD2 /* Main.storyboard */,
				92012BB91FECF78C0001DDD2 /* Assets.xcassets */,
				92012BBB1FECF78C0001DDD2 /* LaunchScreen.storyboard */,
				92012BBE1FECF78C0001DDD2 /* Info.plist */,
			);
			path = Demo;
			sourceTree = "<group>";
		};
		92012BC61FECF78C0001DDD2 /* DemoTests */ = {
			isa = PBXGroup;
			children = (
				92012BC71FECF78C0001DDD2 /* DemoTests.swift */,
				92012BC91FECF78C0001DDD2 /* Info.plist */,
			);
			path = DemoTests;
			sourceTree = "<group>";
		};
		92012BD11FECF78C0001DDD2 /* DemoUITests */ = {
			isa = PBXGroup;
			children = (
				92012BD21FECF78C0001DDD2 /* DemoUITests.swift */,
				92012BD41FECF78C0001DDD2 /* Info.plist */,
			);
			path = DemoUITests;
			sourceTree = "<group>";
		};
		92012BF71FECFBB70001DDD2 /* Extension */ = {
			isa = PBXGroup;
			children = (
				92012BF81FECFBB70001DDD2 /* UIColor+Background.swift */,
				92012BF91FECFBB70001DDD2 /* UIView+Shadow.swift */,
			);
			path = Extension;
			sourceTree = "<group>";
		};
		92012BFC1FECFBD60001DDD2 /* Popup */ = {
			isa = PBXGroup;
			children = (
				92012BFF1FECFBD60001DDD2 /* PopupViewController.swift */,
				92012BFD1FECFBD60001DDD2 /* DemoPopupView.swift */,
				92012BFE1FECFBD60001DDD2 /* DemoPopupView.xib */,
			);
			path = Popup;
			sourceTree = "<group>";
		};
		92012C031FECFBDF0001DDD2 /* Toast */ = {
			isa = PBXGroup;
			children = (
				92012C061FECFBDF0001DDD2 /* ToastViewController.swift */,
				92012C041FECFBDF0001DDD2 /* DemoToastView.swift */,
				92012C051FECFBDF0001DDD2 /* DemoToastView.xib */,
			);
			path = Toast;
			sourceTree = "<group>";
		};
		B4B38E5800F3F52E9FB90378 /* Pods */ = {
			isa = PBXGroup;
			children = (
				78DC8585E60F58E94A110E6E /* Pods-Demo.debug.xcconfig */,
				EF0498A09B261C3611840301 /* Pods-Demo.release.xcconfig */,
			);
			name = Pods;
			sourceTree = "<group>";
		};
/* End PBXGroup section */

/* Begin PBXNativeTarget section */
		92012BAE1FECF78C0001DDD2 /* Demo */ = {
			isa = PBXNativeTarget;
			buildConfigurationList = 92012BD71FECF78C0001DDD2 /* Build configuration list for PBXNativeTarget "Demo" */;
			buildPhases = (
				65F8F3E29FC0CDD211DDC7AC /* [CP] Check Pods Manifest.lock */,
				92012BAB1FECF78C0001DDD2 /* Sources */,
				92012BAC1FECF78C0001DDD2 /* Frameworks */,
				92012BAD1FECF78C0001DDD2 /* Resources */,
				8795BE3137110D90DF2D09FD /* [CP] Embed Pods Frameworks */,
				269D447750C4A422DF585412 /* [CP] Copy Pods Resources */,
			);
			buildRules = (
			);
			dependencies = (
			);
			name = Demo;
			productName = Demo;
			productReference = 92012BAF1FECF78C0001DDD2 /* Demo.app */;
			productType = "com.apple.product-type.application";
		};
		92012BC21FECF78C0001DDD2 /* DemoTests */ = {
			isa = PBXNativeTarget;
			buildConfigurationList = 92012BDA1FECF78C0001DDD2 /* Build configuration list for PBXNativeTarget "DemoTests" */;
			buildPhases = (
				92012BBF1FECF78C0001DDD2 /* Sources */,
				92012BC01FECF78C0001DDD2 /* Frameworks */,
				92012BC11FECF78C0001DDD2 /* Resources */,
			);
			buildRules = (
			);
			dependencies = (
				92012BC51FECF78C0001DDD2 /* PBXTargetDependency */,
			);
			name = DemoTests;
			productName = DemoTests;
			productReference = 92012BC31FECF78C0001DDD2 /* DemoTests.xctest */;
			productType = "com.apple.product-type.bundle.unit-test";
		};
		92012BCD1FECF78C0001DDD2 /* DemoUITests */ = {
			isa = PBXNativeTarget;
			buildConfigurationList = 92012BDD1FECF78C0001DDD2 /* Build configuration list for PBXNativeTarget "DemoUITests" */;
			buildPhases = (
				92012BCA1FECF78C0001DDD2 /* Sources */,
				92012BCB1FECF78C0001DDD2 /* Frameworks */,
				92012BCC1FECF78C0001DDD2 /* Resources */,
			);
			buildRules = (
			);
			dependencies = (
				92012BD01FECF78C0001DDD2 /* PBXTargetDependency */,
			);
			name = DemoUITests;
			productName = DemoUITests;
			productReference = 92012BCE1FECF78C0001DDD2 /* DemoUITests.xctest */;
			productType = "com.apple.product-type.bundle.ui-testing";
		};
/* End PBXNativeTarget section */

/* Begin PBXProject section */
		92012BA71FECF78C0001DDD2 /* Project object */ = {
			isa = PBXProject;
			attributes = {
				LastSwiftUpdateCheck = 0910;
				LastUpgradeCheck = 0910;
				ORGANIZATIONNAME = shin884;
				TargetAttributes = {
					92012BAE1FECF78C0001DDD2 = {
						CreatedOnToolsVersion = 9.1;
						ProvisioningStyle = Automatic;
					};
					92012BC21FECF78C0001DDD2 = {
						CreatedOnToolsVersion = 9.1;
						ProvisioningStyle = Automatic;
						TestTargetID = 92012BAE1FECF78C0001DDD2;
					};
					92012BCD1FECF78C0001DDD2 = {
						CreatedOnToolsVersion = 9.1;
						ProvisioningStyle = Automatic;
						TestTargetID = 92012BAE1FECF78C0001DDD2;
					};
				};
			};
			buildConfigurationList = 92012BAA1FECF78C0001DDD2 /* Build configuration list for PBXProject "Demo" */;
			compatibilityVersion = "Xcode 8.0";
			developmentRegion = en;
			hasScannedForEncodings = 0;
			knownRegions = (
				en,
				Base,
			);
			mainGroup = 92012BA61FECF78C0001DDD2;
			productRefGroup = 92012BB01FECF78C0001DDD2 /* Products */;
			projectDirPath = "";
			projectRoot = "";
			targets = (
				92012BAE1FECF78C0001DDD2 /* Demo */,
				92012BC21FECF78C0001DDD2 /* DemoTests */,
				92012BCD1FECF78C0001DDD2 /* DemoUITests */,
			);
		};
/* End PBXProject section */

/* Begin PBXResourcesBuildPhase section */
		92012BAD1FECF78C0001DDD2 /* Resources */ = {
			isa = PBXResourcesBuildPhase;
			buildActionMask = 2147483647;
			files = (
				92012BBD1FECF78C0001DDD2 /* LaunchScreen.storyboard in Resources */,
				92012BBA1FECF78C0001DDD2 /* Assets.xcassets in Resources */,
				92012C011FECFBD60001DDD2 /* DemoPopupView.xib in Resources */,
				92012C081FECFBDF0001DDD2 /* DemoToastView.xib in Resources */,
				92012BB81FECF78C0001DDD2 /* Main.storyboard in Resources */,
			);
			runOnlyForDeploymentPostprocessing = 0;
		};
		92012BC11FECF78C0001DDD2 /* Resources */ = {
			isa = PBXResourcesBuildPhase;
			buildActionMask = 2147483647;
			files = (
			);
			runOnlyForDeploymentPostprocessing = 0;
		};
		92012BCC1FECF78C0001DDD2 /* Resources */ = {
			isa = PBXResourcesBuildPhase;
			buildActionMask = 2147483647;
			files = (
			);
			runOnlyForDeploymentPostprocessing = 0;
		};
/* End PBXResourcesBuildPhase section */

/* Begin PBXShellScriptBuildPhase section */
		269D447750C4A422DF585412 /* [CP] Copy Pods Resources */ = {
			isa = PBXShellScriptBuildPhase;
			buildActionMask = 2147483647;
			files = (
			);
			inputPaths = (
			);
			name = "[CP] Copy Pods Resources";
			outputPaths = (
			);
			runOnlyForDeploymentPostprocessing = 0;
			shellPath = /bin/sh;
			shellScript = "\"${SRCROOT}/Pods/Target Support Files/Pods-Demo/Pods-Demo-resources.sh\"\n";
			showEnvVarsInLog = 0;
		};
		65F8F3E29FC0CDD211DDC7AC /* [CP] Check Pods Manifest.lock */ = {
			isa = PBXShellScriptBuildPhase;
			buildActionMask = 2147483647;
			files = (
			);
			inputPaths = (
				"${PODS_PODFILE_DIR_PATH}/Podfile.lock",
				"${PODS_ROOT}/Manifest.lock",
			);
			name = "[CP] Check Pods Manifest.lock";
			outputPaths = (
				"$(DERIVED_FILE_DIR)/Pods-Demo-checkManifestLockResult.txt",
			);
			runOnlyForDeploymentPostprocessing = 0;
			shellPath = /bin/sh;
			shellScript = "diff \"${PODS_PODFILE_DIR_PATH}/Podfile.lock\" \"${PODS_ROOT}/Manifest.lock\" > /dev/null\nif [ $? != 0 ] ; then\n    # print error to STDERR\n    echo \"error: The sandbox is not in sync with the Podfile.lock. Run 'pod install' or update your CocoaPods installation.\" >&2\n    exit 1\nfi\n# This output is used by Xcode 'outputs' to avoid re-running this script phase.\necho \"SUCCESS\" > \"${SCRIPT_OUTPUT_FILE_0}\"\n";
			showEnvVarsInLog = 0;
		};
		8795BE3137110D90DF2D09FD /* [CP] Embed Pods Frameworks */ = {
			isa = PBXShellScriptBuildPhase;
			buildActionMask = 2147483647;
			files = (
			);
			inputPaths = (
				"${SRCROOT}/Pods/Target Support Files/Pods-Demo/Pods-Demo-frameworks.sh",
				"${BUILT_PRODUCTS_DIR}/PopupWindow/PopupWindow.framework",
			);
			name = "[CP] Embed Pods Frameworks";
			outputPaths = (
				"${TARGET_BUILD_DIR}/${FRAMEWORKS_FOLDER_PATH}/PopupWindow.framework",
			);
			runOnlyForDeploymentPostprocessing = 0;
			shellPath = /bin/sh;
			shellScript = "\"${SRCROOT}/Pods/Target Support Files/Pods-Demo/Pods-Demo-frameworks.sh\"\n";
			showEnvVarsInLog = 0;
		};
/* End PBXShellScriptBuildPhase section */

/* Begin PBXSourcesBuildPhase section */
		92012BAB1FECF78C0001DDD2 /* Sources */ = {
			isa = PBXSourcesBuildPhase;
			buildActionMask = 2147483647;
			files = (
				92012BB51FECF78C0001DDD2 /* ViewController.swift in Sources */,
				92012C071FECFBDF0001DDD2 /* DemoToastView.swift in Sources */,
				92012BFB1FECFBB70001DDD2 /* UIView+Shadow.swift in Sources */,
				92012BF61FECFBAB0001DDD2 /* DemoPopupCell.swift in Sources */,
				92012C091FECFBDF0001DDD2 /* ToastViewController.swift in Sources */,
				92012BB31FECF78C0001DDD2 /* AppDelegate.swift in Sources */,
				92012C001FECFBD60001DDD2 /* DemoPopupView.swift in Sources */,
				92012BFA1FECFBB70001DDD2 /* UIColor+Background.swift in Sources */,
				92012C021FECFBD60001DDD2 /* PopupViewController.swift in Sources */,
				92012C0B1FECFBF00001DDD2 /* Nibable.swift in Sources */,
			);
			runOnlyForDeploymentPostprocessing = 0;
		};
		92012BBF1FECF78C0001DDD2 /* Sources */ = {
			isa = PBXSourcesBuildPhase;
			buildActionMask = 2147483647;
			files = (
				92012BC81FECF78C0001DDD2 /* DemoTests.swift in Sources */,
			);
			runOnlyForDeploymentPostprocessing = 0;
		};
		92012BCA1FECF78C0001DDD2 /* Sources */ = {
			isa = PBXSourcesBuildPhase;
			buildActionMask = 2147483647;
			files = (
				92012BD31FECF78C0001DDD2 /* DemoUITests.swift in Sources */,
			);
			runOnlyForDeploymentPostprocessing = 0;
		};
/* End PBXSourcesBuildPhase section */

/* Begin PBXTargetDependency section */
		92012BC51FECF78C0001DDD2 /* PBXTargetDependency */ = {
			isa = PBXTargetDependency;
			target = 92012BAE1FECF78C0001DDD2 /* Demo */;
			targetProxy = 92012BC41FECF78C0001DDD2 /* PBXContainerItemProxy */;
		};
		92012BD01FECF78C0001DDD2 /* PBXTargetDependency */ = {
			isa = PBXTargetDependency;
			target = 92012BAE1FECF78C0001DDD2 /* Demo */;
			targetProxy = 92012BCF1FECF78C0001DDD2 /* PBXContainerItemProxy */;
		};
/* End PBXTargetDependency section */

/* Begin PBXVariantGroup section */
		92012BB61FECF78C0001DDD2 /* Main.storyboard */ = {
			isa = PBXVariantGroup;
			children = (
				92012BB71FECF78C0001DDD2 /* Base */,
			);
			name = Main.storyboard;
			sourceTree = "<group>";
		};
		92012BBB1FECF78C0001DDD2 /* LaunchScreen.storyboard */ = {
			isa = PBXVariantGroup;
			children = (
				92012BBC1FECF78C0001DDD2 /* Base */,
			);
			name = LaunchScreen.storyboard;
			sourceTree = "<group>";
		};
/* End PBXVariantGroup section */

/* Begin XCBuildConfiguration section */
		92012BD51FECF78C0001DDD2 /* Debug */ = {
			isa = XCBuildConfiguration;
			buildSettings = {
				ALWAYS_SEARCH_USER_PATHS = NO;
				CLANG_ANALYZER_NONNULL = YES;
				CLANG_ANALYZER_NUMBER_OBJECT_CONVERSION = YES_AGGRESSIVE;
				CLANG_CXX_LANGUAGE_STANDARD = "gnu++14";
				CLANG_CXX_LIBRARY = "libc++";
				CLANG_ENABLE_MODULES = YES;
				CLANG_ENABLE_OBJC_ARC = YES;
				CLANG_WARN_BLOCK_CAPTURE_AUTORELEASING = YES;
				CLANG_WARN_BOOL_CONVERSION = YES;
				CLANG_WARN_COMMA = YES;
				CLANG_WARN_CONSTANT_CONVERSION = YES;
				CLANG_WARN_DIRECT_OBJC_ISA_USAGE = YES_ERROR;
				CLANG_WARN_DOCUMENTATION_COMMENTS = YES;
				CLANG_WARN_EMPTY_BODY = YES;
				CLANG_WARN_ENUM_CONVERSION = YES;
				CLANG_WARN_INFINITE_RECURSION = YES;
				CLANG_WARN_INT_CONVERSION = YES;
				CLANG_WARN_NON_LITERAL_NULL_CONVERSION = YES;
				CLANG_WARN_OBJC_LITERAL_CONVERSION = YES;
				CLANG_WARN_OBJC_ROOT_CLASS = YES_ERROR;
				CLANG_WARN_RANGE_LOOP_ANALYSIS = YES;
				CLANG_WARN_STRICT_PROTOTYPES = YES;
				CLANG_WARN_SUSPICIOUS_MOVE = YES;
				CLANG_WARN_UNGUARDED_AVAILABILITY = YES_AGGRESSIVE;
				CLANG_WARN_UNREACHABLE_CODE = YES;
				CLANG_WARN__DUPLICATE_METHOD_MATCH = YES;
				CODE_SIGN_IDENTITY = "iPhone Developer";
				COPY_PHASE_STRIP = NO;
				DEBUG_INFORMATION_FORMAT = dwarf;
				ENABLE_STRICT_OBJC_MSGSEND = YES;
				ENABLE_TESTABILITY = YES;
				GCC_C_LANGUAGE_STANDARD = gnu11;
				GCC_DYNAMIC_NO_PIC = NO;
				GCC_NO_COMMON_BLOCKS = YES;
				GCC_OPTIMIZATION_LEVEL = 0;
				GCC_PREPROCESSOR_DEFINITIONS = (
					"DEBUG=1",
					"$(inherited)",
				);
				GCC_WARN_64_TO_32_BIT_CONVERSION = YES;
				GCC_WARN_ABOUT_RETURN_TYPE = YES_ERROR;
				GCC_WARN_UNDECLARED_SELECTOR = YES;
				GCC_WARN_UNINITIALIZED_AUTOS = YES_AGGRESSIVE;
				GCC_WARN_UNUSED_FUNCTION = YES;
				GCC_WARN_UNUSED_VARIABLE = YES;
				IPHONEOS_DEPLOYMENT_TARGET = 11.1;
				MTL_ENABLE_DEBUG_INFO = YES;
				ONLY_ACTIVE_ARCH = YES;
				SDKROOT = iphoneos;
				SWIFT_ACTIVE_COMPILATION_CONDITIONS = DEBUG;
				SWIFT_OPTIMIZATION_LEVEL = "-Onone";
			};
			name = Debug;
		};
		92012BD61FECF78C0001DDD2 /* Release */ = {
			isa = XCBuildConfiguration;
			buildSettings = {
				ALWAYS_SEARCH_USER_PATHS = NO;
				CLANG_ANALYZER_NONNULL = YES;
				CLANG_ANALYZER_NUMBER_OBJECT_CONVERSION = YES_AGGRESSIVE;
				CLANG_CXX_LANGUAGE_STANDARD = "gnu++14";
				CLANG_CXX_LIBRARY = "libc++";
				CLANG_ENABLE_MODULES = YES;
				CLANG_ENABLE_OBJC_ARC = YES;
				CLANG_WARN_BLOCK_CAPTURE_AUTORELEASING = YES;
				CLANG_WARN_BOOL_CONVERSION = YES;
				CLANG_WARN_COMMA = YES;
				CLANG_WARN_CONSTANT_CONVERSION = YES;
				CLANG_WARN_DIRECT_OBJC_ISA_USAGE = YES_ERROR;
				CLANG_WARN_DOCUMENTATION_COMMENTS = YES;
				CLANG_WARN_EMPTY_BODY = YES;
				CLANG_WARN_ENUM_CONVERSION = YES;
				CLANG_WARN_INFINITE_RECURSION = YES;
				CLANG_WARN_INT_CONVERSION = YES;
				CLANG_WARN_NON_LITERAL_NULL_CONVERSION = YES;
				CLANG_WARN_OBJC_LITERAL_CONVERSION = YES;
				CLANG_WARN_OBJC_ROOT_CLASS = YES_ERROR;
				CLANG_WARN_RANGE_LOOP_ANALYSIS = YES;
				CLANG_WARN_STRICT_PROTOTYPES = YES;
				CLANG_WARN_SUSPICIOUS_MOVE = YES;
				CLANG_WARN_UNGUARDED_AVAILABILITY = YES_AGGRESSIVE;
				CLANG_WARN_UNREACHABLE_CODE = YES;
				CLANG_WARN__DUPLICATE_METHOD_MATCH = YES;
				CODE_SIGN_IDENTITY = "iPhone Developer";
				COPY_PHASE_STRIP = NO;
				DEBUG_INFORMATION_FORMAT = "dwarf-with-dsym";
				ENABLE_NS_ASSERTIONS = NO;
				ENABLE_STRICT_OBJC_MSGSEND = YES;
				GCC_C_LANGUAGE_STANDARD = gnu11;
				GCC_NO_COMMON_BLOCKS = YES;
				GCC_WARN_64_TO_32_BIT_CONVERSION = YES;
				GCC_WARN_ABOUT_RETURN_TYPE = YES_ERROR;
				GCC_WARN_UNDECLARED_SELECTOR = YES;
				GCC_WARN_UNINITIALIZED_AUTOS = YES_AGGRESSIVE;
				GCC_WARN_UNUSED_FUNCTION = YES;
				GCC_WARN_UNUSED_VARIABLE = YES;
				IPHONEOS_DEPLOYMENT_TARGET = 11.1;
				MTL_ENABLE_DEBUG_INFO = NO;
				SDKROOT = iphoneos;
				SWIFT_OPTIMIZATION_LEVEL = "-Owholemodule";
				VALIDATE_PRODUCT = YES;
			};
			name = Release;
		};
		92012BD81FECF78C0001DDD2 /* Debug */ = {
			isa = XCBuildConfiguration;
			baseConfigurationReference = 78DC8585E60F58E94A110E6E /* Pods-Demo.debug.xcconfig */;
			buildSettings = {
				ASSETCATALOG_COMPILER_APPICON_NAME = AppIcon;
				CODE_SIGN_STYLE = Automatic;
				INFOPLIST_FILE = Demo/Info.plist;
				LD_RUNPATH_SEARCH_PATHS = "$(inherited) @executable_path/Frameworks";
				PRODUCT_BUNDLE_IDENTIFIER = shin884.Demo;
				PRODUCT_NAME = "$(TARGET_NAME)";
				SWIFT_VERSION = 4.0;
				TARGETED_DEVICE_FAMILY = "1,2";
			};
			name = Debug;
		};
		92012BD91FECF78C0001DDD2 /* Release */ = {
			isa = XCBuildConfiguration;
			baseConfigurationReference = EF0498A09B261C3611840301 /* Pods-Demo.release.xcconfig */;
			buildSettings = {
				ASSETCATALOG_COMPILER_APPICON_NAME = AppIcon;
				CODE_SIGN_STYLE = Automatic;
				INFOPLIST_FILE = Demo/Info.plist;
				LD_RUNPATH_SEARCH_PATHS = "$(inherited) @executable_path/Frameworks";
				PRODUCT_BUNDLE_IDENTIFIER = shin884.Demo;
				PRODUCT_NAME = "$(TARGET_NAME)";
				SWIFT_VERSION = 4.0;
				TARGETED_DEVICE_FAMILY = "1,2";
			};
			name = Release;
		};
		92012BDB1FECF78C0001DDD2 /* Debug */ = {
			isa = XCBuildConfiguration;
			buildSettings = {
				ALWAYS_EMBED_SWIFT_STANDARD_LIBRARIES = YES;
				BUNDLE_LOADER = "$(TEST_HOST)";
				CODE_SIGN_STYLE = Automatic;
				INFOPLIST_FILE = DemoTests/Info.plist;
				LD_RUNPATH_SEARCH_PATHS = "$(inherited) @executable_path/Frameworks @loader_path/Frameworks";
				PRODUCT_BUNDLE_IDENTIFIER = shin884.DemoTests;
				PRODUCT_NAME = "$(TARGET_NAME)";
				SWIFT_VERSION = 4.0;
				TARGETED_DEVICE_FAMILY = "1,2";
				TEST_HOST = "$(BUILT_PRODUCTS_DIR)/Demo.app/Demo";
			};
			name = Debug;
		};
		92012BDC1FECF78C0001DDD2 /* Release */ = {
			isa = XCBuildConfiguration;
			buildSettings = {
				ALWAYS_EMBED_SWIFT_STANDARD_LIBRARIES = YES;
				BUNDLE_LOADER = "$(TEST_HOST)";
				CODE_SIGN_STYLE = Automatic;
				INFOPLIST_FILE = DemoTests/Info.plist;
				LD_RUNPATH_SEARCH_PATHS = "$(inherited) @executable_path/Frameworks @loader_path/Frameworks";
				PRODUCT_BUNDLE_IDENTIFIER = shin884.DemoTests;
				PRODUCT_NAME = "$(TARGET_NAME)";
				SWIFT_VERSION = 4.0;
				TARGETED_DEVICE_FAMILY = "1,2";
				TEST_HOST = "$(BUILT_PRODUCTS_DIR)/Demo.app/Demo";
			};
			name = Release;
		};
		92012BDE1FECF78C0001DDD2 /* Debug */ = {
			isa = XCBuildConfiguration;
			buildSettings = {
				ALWAYS_EMBED_SWIFT_STANDARD_LIBRARIES = YES;
				CODE_SIGN_STYLE = Automatic;
				INFOPLIST_FILE = DemoUITests/Info.plist;
				LD_RUNPATH_SEARCH_PATHS = "$(inherited) @executable_path/Frameworks @loader_path/Frameworks";
				PRODUCT_BUNDLE_IDENTIFIER = shin884.DemoUITests;
				PRODUCT_NAME = "$(TARGET_NAME)";
				SWIFT_VERSION = 4.0;
				TARGETED_DEVICE_FAMILY = "1,2";
				TEST_TARGET_NAME = Demo;
			};
			name = Debug;
		};
		92012BDF1FECF78C0001DDD2 /* Release */ = {
			isa = XCBuildConfiguration;
			buildSettings = {
				ALWAYS_EMBED_SWIFT_STANDARD_LIBRARIES = YES;
				CODE_SIGN_STYLE = Automatic;
				INFOPLIST_FILE = DemoUITests/Info.plist;
				LD_RUNPATH_SEARCH_PATHS = "$(inherited) @executable_path/Frameworks @loader_path/Frameworks";
				PRODUCT_BUNDLE_IDENTIFIER = shin884.DemoUITests;
				PRODUCT_NAME = "$(TARGET_NAME)";
				SWIFT_VERSION = 4.0;
				TARGETED_DEVICE_FAMILY = "1,2";
				TEST_TARGET_NAME = Demo;
			};
			name = Release;
		};
/* End XCBuildConfiguration section */

/* Begin XCConfigurationList section */
		92012BAA1FECF78C0001DDD2 /* Build configuration list for PBXProject "Demo" */ = {
			isa = XCConfigurationList;
			buildConfigurations = (
				92012BD51FECF78C0001DDD2 /* Debug */,
				92012BD61FECF78C0001DDD2 /* Release */,
			);
			defaultConfigurationIsVisible = 0;
			defaultConfigurationName = Release;
		};
		92012BD71FECF78C0001DDD2 /* Build configuration list for PBXNativeTarget "Demo" */ = {
			isa = XCConfigurationList;
			buildConfigurations = (
				92012BD81FECF78C0001DDD2 /* Debug */,
				92012BD91FECF78C0001DDD2 /* Release */,
			);
			defaultConfigurationIsVisible = 0;
			defaultConfigurationName = Release;
		};
		92012BDA1FECF78C0001DDD2 /* Build configuration list for PBXNativeTarget "DemoTests" */ = {
			isa = XCConfigurationList;
			buildConfigurations = (
				92012BDB1FECF78C0001DDD2 /* Debug */,
				92012BDC1FECF78C0001DDD2 /* Release */,
			);
			defaultConfigurationIsVisible = 0;
			defaultConfigurationName = Release;
		};
		92012BDD1FECF78C0001DDD2 /* Build configuration list for PBXNativeTarget "DemoUITests" */ = {
			isa = XCConfigurationList;
			buildConfigurations = (
				92012BDE1FECF78C0001DDD2 /* Debug */,
				92012BDF1FECF78C0001DDD2 /* Release */,
			);
			defaultConfigurationIsVisible = 0;
			defaultConfigurationName = Release;
		};
/* End XCConfigurationList section */
	};
	rootObject = 92012BA71FECF78C0001DDD2 /* Project object */;
}
